
Microsoft Visual Studio Solution File, Format Version 12.00
# Visual Studio Version 16
VisualStudioVersion = 16.0.31112.23
MinimumVisualStudioVersion = 10.0.40219.1
Project("{FAE04EC0-301F-11D3-BF4B-00C04F79EFBC}") = "Supermarket", "Supermarket\Supermarket.csproj", "{D00F8099-0AE1-48A4-9272-6C58B6D875B9}"
EndProject
Global
	GlobalSection(SolutionConfigurationPlatforms) = preSolution
		Debug|Any CPU = Debug|Any CPU
		Release|Any CPU = Release|Any CPU
	EndGlobalSection
	GlobalSection(ProjectConfigurationPlatforms) = postSolution
		{D00F8099-0AE1-48A4-9272-6C58B6D875B9}.Debug|Any CPU.ActiveCfg = Debug|Any CPU
		{D00F8099-0AE1-48A4-9272-6C58B6D875B9}.Debug|Any CPU.Build.0 = Debug|Any CPU
		{D00F8099-0AE1-48A4-9272-6C58B6D875B9}.Release|Any CPU.ActiveCfg = Release|Any CPU
		{D00F8099-0AE1-48A4-9272-6C58B6D875B9}.Release|Any CPU.Build.0 = Release|Any CPU
	EndGlobalSection
	GlobalSection(SolutionProperties) = preSolution
		HideSolutionNode = FALSE
	EndGlobalSection
	GlobalSection(ExtensibilityGlobals) = postSolution
		SolutionGuid = {DE79A656-2C77-44EB-82CA-70C97C22946B}
	EndGlobalSection
EndGlobal
